// !$*UTF8*$!
{
	archiveVersion = 1;
	classes = {
	};
	objectVersion = 50;
	objects = {

/* Begin PBXBuildFile section */
		2A7623D6256C2C7B008D26E6 /* Appetizer.swift in Sources */ = {isa = PBXBuildFile; fileRef = 2A7623D5256C2C7B008D26E6 /* Appetizer.swift */; };
		2A7623D9256C38AC008D26E6 /* AppetizerListCell.swift in Sources */ = {isa = PBXBuildFile; fileRef = 2A7623D8256C38AC008D26E6 /* AppetizerListCell.swift */; };
		2A7623DC256C3A93008D26E6 /* NetworkManager.swift in Sources */ = {isa = PBXBuildFile; fileRef = 2A7623DB256C3A93008D26E6 /* NetworkManager.swift */; };
		2A7623DF256C4070008D26E6 /* APError.swift in Sources */ = {isa = PBXBuildFile; fileRef = 2A7623DE256C4070008D26E6 /* APError.swift */; };
		2A7623E2256C4E14008D26E6 /* AppetizerListViewModel.swift in Sources */ = {isa = PBXBuildFile; fileRef = 2A7623E1256C4E14008D26E6 /* AppetizerListViewModel.swift */; };
		2A9284DA256C231E004FAC23 /* AppetizersApp.swift in Sources */ = {isa = PBXBuildFile; fileRef = 2A9284D9256C231E004FAC23 /* AppetizersApp.swift */; };
		2A9284DC256C231E004FAC23 /* AppetizerTabView.swift in Sources */ = {isa = PBXBuildFile; fileRef = 2A9284DB256C231E004FAC23 /* AppetizerTabView.swift */; };
		2A9284DE256C231F004FAC23 /* Assets.xcassets in Resources */ = {isa = PBXBuildFile; fileRef = 2A9284DD256C231F004FAC23 /* Assets.xcassets */; };
		2A9284E1256C231F004FAC23 /* Preview Assets.xcassets in Resources */ = {isa = PBXBuildFile; fileRef = 2A9284E0256C231F004FAC23 /* Preview Assets.xcassets */; };
		2A9284EB256C23EF004FAC23 /* AppetizerListView.swift in Sources */ = {isa = PBXBuildFile; fileRef = 2A9284EA256C23EF004FAC23 /* AppetizerListView.swift */; };
		2A9284EE256C2408004FAC23 /* AccountView.swift in Sources */ = {isa = PBXBuildFile; fileRef = 2A9284ED256C2408004FAC23 /* AccountView.swift */; };
		2A9284F1256C2492004FAC23 /* OrderView.swift in Sources */ = {isa = PBXBuildFile; fileRef = 2A9284F0256C2492004FAC23 /* OrderView.swift */; };
		2A940B9D256D4D8B000B4AC5 /* LoadingView.swift in Sources */ = {isa = PBXBuildFile; fileRef = 2A940B9C256D4D8B000B4AC5 /* LoadingView.swift */; };
		2A940BA0256D4F28000B4AC5 /* Color+Ext.swift in Sources */ = {isa = PBXBuildFile; fileRef = 2A940B9F256D4F28000B4AC5 /* Color+Ext.swift */; };
		2A940BA3256D5909000B4AC5 /* RemoteImage.swift in Sources */ = {isa = PBXBuildFile; fileRef = 2A940BA2256D5909000B4AC5 /* RemoteImage.swift */; };
		2A940BB4256ED2CB000B4AC5 /* AppetizerDetailView.swift in Sources */ = {isa = PBXBuildFile; fileRef = 2A940BB3256ED2CB000B4AC5 /* AppetizerDetailView.swift */; };
		2A940BBA256FF23E000B4AC5 /* APButton.swift in Sources */ = {isa = PBXBuildFile; fileRef = 2A940BB9256FF23E000B4AC5 /* APButton.swift */; };
		2A940BBE256FF3B1000B4AC5 /* XDismissButton.swift in Sources */ = {isa = PBXBuildFile; fileRef = 2A940BBD256FF3B1000B4AC5 /* XDismissButton.swift */; };
		2A940BC12570058B000B4AC5 /* AccountViewModel.swift in Sources */ = {isa = PBXBuildFile; fileRef = 2A940BC02570058B000B4AC5 /* AccountViewModel.swift */; };
		2A940BC5257008A5000B4AC5 /* String+Ext.swift in Sources */ = {isa = PBXBuildFile; fileRef = 2A940BC4257008A5000B4AC5 /* String+Ext.swift */; };
		2A940BC8257046A7000B4AC5 /* User.swift in Sources */ = {isa = PBXBuildFile; fileRef = 2A940BC7257046A7000B4AC5 /* User.swift */; };
		2A940BCC25718051000B4AC5 /* EmptyState.swift in Sources */ = {isa = PBXBuildFile; fileRef = 2A940BCB25718051000B4AC5 /* EmptyState.swift */; };
		2A940BD025728921000B4AC5 /* Order.swift in Sources */ = {isa = PBXBuildFile; fileRef = 2A940BCF25728921000B4AC5 /* Order.swift */; };
		2AB8D066256C9722006C689B /* Alert.swift in Sources */ = {isa = PBXBuildFile; fileRef = 2AB8D065256C9722006C689B /* Alert.swift */; };
/* End PBXBuildFile section */

/* Begin PBXFileReference section */
		2A7623D5256C2C7B008D26E6 /* Appetizer.swift */ = {isa = PBXFileReference; lastKnownFileType = sourcecode.swift; path = Appetizer.swift; sourceTree = "<group>"; };
		2A7623D8256C38AC008D26E6 /* AppetizerListCell.swift */ = {isa = PBXFileReference; lastKnownFileType = sourcecode.swift; path = AppetizerListCell.swift; sourceTree = "<group>"; };
		2A7623DB256C3A93008D26E6 /* NetworkManager.swift */ = {isa = PBXFileReference; lastKnownFileType = sourcecode.swift; path = NetworkManager.swift; sourceTree = "<group>"; };
		2A7623DE256C4070008D26E6 /* APError.swift */ = {isa = PBXFileReference; lastKnownFileType = sourcecode.swift; path = APError.swift; sourceTree = "<group>"; };
		2A7623E1256C4E14008D26E6 /* AppetizerListViewModel.swift */ = {isa = PBXFileReference; lastKnownFileType = sourcecode.swift; path = AppetizerListViewModel.swift; sourceTree = "<group>"; };
		2A9284D6256C231E004FAC23 /* Appetizers.app */ = {isa = PBXFileReference; explicitFileType = wrapper.application; includeInIndex = 0; path = Appetizers.app; sourceTree = BUILT_PRODUCTS_DIR; };
		2A9284D9256C231E004FAC23 /* AppetizersApp.swift */ = {isa = PBXFileReference; lastKnownFileType = sourcecode.swift; path = AppetizersApp.swift; sourceTree = "<group>"; };
		2A9284DB256C231E004FAC23 /* AppetizerTabView.swift */ = {isa = PBXFileReference; lastKnownFileType = sourcecode.swift; path = AppetizerTabView.swift; sourceTree = "<group>"; };
		2A9284DD256C231F004FAC23 /* Assets.xcassets */ = {isa = PBXFileReference; lastKnownFileType = folder.assetcatalog; path = Assets.xcassets; sourceTree = "<group>"; };
		2A9284E0256C231F004FAC23 /* Preview Assets.xcassets */ = {isa = PBXFileReference; lastKnownFileType = folder.assetcatalog; path = "Preview Assets.xcassets"; sourceTree = "<group>"; };
		2A9284E2256C231F004FAC23 /* Info.plist */ = {isa = PBXFileReference; lastKnownFileType = text.plist.xml; path = Info.plist; sourceTree = "<group>"; };
		2A9284EA256C23EF004FAC23 /* AppetizerListView.swift */ = {isa = PBXFileReference; lastKnownFileType = sourcecode.swift; path = AppetizerListView.swift; sourceTree = "<group>"; };
		2A9284ED256C2408004FAC23 /* AccountView.swift */ = {isa = PBXFileReference; lastKnownFileType = sourcecode.swift; path = AccountView.swift; sourceTree = "<group>"; };
		2A9284F0256C2492004FAC23 /* OrderView.swift */ = {isa = PBXFileReference; lastKnownFileType = sourcecode.swift; path = OrderView.swift; sourceTree = "<group>"; };
		2A940B9C256D4D8B000B4AC5 /* LoadingView.swift */ = {isa = PBXFileReference; lastKnownFileType = sourcecode.swift; path = LoadingView.swift; sourceTree = "<group>"; };
		2A940B9F256D4F28000B4AC5 /* Color+Ext.swift */ = {isa = PBXFileReference; lastKnownFileType = sourcecode.swift; path = "Color+Ext.swift"; sourceTree = "<group>"; };
		2A940BA2256D5909000B4AC5 /* RemoteImage.swift */ = {isa = PBXFileReference; lastKnownFileType = sourcecode.swift; path = RemoteImage.swift; sourceTree = "<group>"; };
		2A940BB3256ED2CB000B4AC5 /* AppetizerDetailView.swift */ = {isa = PBXFileReference; lastKnownFileType = sourcecode.swift; path = AppetizerDetailView.swift; sourceTree = "<group>"; };
		2A940BB9256FF23E000B4AC5 /* APButton.swift */ = {isa = PBXFileReference; lastKnownFileType = sourcecode.swift; path = APButton.swift; sourceTree = "<group>"; };
		2A940BBD256FF3B1000B4AC5 /* XDismissButton.swift */ = {isa = PBXFileReference; lastKnownFileType = sourcecode.swift; path = XDismissButton.swift; sourceTree = "<group>"; };
		2A940BC02570058B000B4AC5 /* AccountViewModel.swift */ = {isa = PBXFileReference; lastKnownFileType = sourcecode.swift; path = AccountViewModel.swift; sourceTree = "<group>"; };
		2A940BC4257008A5000B4AC5 /* String+Ext.swift */ = {isa = PBXFileReference; lastKnownFileType = sourcecode.swift; path = "String+Ext.swift"; sourceTree = "<group>"; };
		2A940BC7257046A7000B4AC5 /* User.swift */ = {isa = PBXFileReference; lastKnownFileType = sourcecode.swift; path = User.swift; sourceTree = "<group>"; };
		2A940BCB25718051000B4AC5 /* EmptyState.swift */ = {isa = PBXFileReference; lastKnownFileType = sourcecode.swift; path = EmptyState.swift; sourceTree = "<group>"; };
		2A940BCF25728921000B4AC5 /* Order.swift */ = {isa = PBXFileReference; lastKnownFileType = sourcecode.swift; path = Order.swift; sourceTree = "<group>"; };
		2AB8D065256C9722006C689B /* Alert.swift */ = {isa = PBXFileReference; lastKnownFileType = sourcecode.swift; path = Alert.swift; sourceTree = "<group>"; };
/* End PBXFileReference section */

/* Begin PBXFrameworksBuildPhase section */
		2A9284D3256C231E004FAC23 /* Frameworks */ = {
			isa = PBXFrameworksBuildPhase;
			buildActionMask = 2147483647;
			files = (
			);
			runOnlyForDeploymentPostprocessing = 0;
		};
/* End PBXFrameworksBuildPhase section */

/* Begin PBXGroup section */
		2A9284CD256C231E004FAC23 = {
			isa = PBXGroup;
			children = (
				2A9284D8256C231E004FAC23 /* Appetizers */,
				2A9284D7256C231E004FAC23 /* Products */,
			);
			sourceTree = "<group>";
		};
		2A9284D7256C231E004FAC23 /* Products */ = {
			isa = PBXGroup;
			children = (
				2A9284D6256C231E004FAC23 /* Appetizers.app */,
			);
			name = Products;
			sourceTree = "<group>";
		};
		2A9284D8256C231E004FAC23 /* Appetizers */ = {
			isa = PBXGroup;
			children = (
				2A940BAF256ED1B3000B4AC5 /* Views */,
				2A940BAE256ED175000B4AC5 /* Model */,
				2A940BA9256ED0BD000B4AC5 /* Utilities */,
				2A940BA5256ED01F000B4AC5 /* Screens */,
				2A9284D9256C231E004FAC23 /* AppetizersApp.swift */,
				2A9284DD256C231F004FAC23 /* Assets.xcassets */,
				2A9284E2256C231F004FAC23 /* Info.plist */,
				2A9284DF256C231F004FAC23 /* Preview Content */,
			);
			path = Appetizers;
			sourceTree = "<group>";
		};
		2A9284DF256C231F004FAC23 /* Preview Content */ = {
			isa = PBXGroup;
			children = (
				2A9284E0256C231F004FAC23 /* Preview Assets.xcassets */,
			);
			path = "Preview Content";
			sourceTree = "<group>";
		};
		2A940BA5256ED01F000B4AC5 /* Screens */ = {
			isa = PBXGroup;
			children = (
				2A9284DB256C231E004FAC23 /* AppetizerTabView.swift */,
				2A940BA8256ED058000B4AC5 /* OrderView */,
				2A940BA7256ED04F000B4AC5 /* AccountView */,
				2A940BA6256ED03B000B4AC5 /* AppetizerListView */,
			);
			path = Screens;
			sourceTree = "<group>";
		};
		2A940BA6256ED03B000B4AC5 /* AppetizerListView */ = {
			isa = PBXGroup;
			children = (
				2A7623E1256C4E14008D26E6 /* AppetizerListViewModel.swift */,
				2A9284EA256C23EF004FAC23 /* AppetizerListView.swift */,
				2A940BB3256ED2CB000B4AC5 /* AppetizerDetailView.swift */,
			);
			path = AppetizerListView;
			sourceTree = "<group>";
		};
		2A940BA7256ED04F000B4AC5 /* AccountView */ = {
			isa = PBXGroup;
			children = (
				2A940BC02570058B000B4AC5 /* AccountViewModel.swift */,
				2A9284ED256C2408004FAC23 /* AccountView.swift */,
			);
			path = AccountView;
			sourceTree = "<group>";
		};
		2A940BA8256ED058000B4AC5 /* OrderView */ = {
			isa = PBXGroup;
			children = (
				2A9284F0256C2492004FAC23 /* OrderView.swift */,
			);
			path = OrderView;
			sourceTree = "<group>";
		};
		2A940BA9256ED0BD000B4AC5 /* Utilities */ = {
			isa = PBXGroup;
			children = (
				2A940BAC256ED11E000B4AC5 /* Alerts */,
				2A940BAB256ED0F6000B4AC5 /* Extensions */,
				2A940BAA256ED0D6000B4AC5 /* Managers */,
			);
			path = Utilities;
			sourceTree = "<group>";
		};
		2A940BAA256ED0D6000B4AC5 /* Managers */ = {
			isa = PBXGroup;
			children = (
				2A7623DB256C3A93008D26E6 /* NetworkManager.swift */,
			);
			path = Managers;
			sourceTree = "<group>";
		};
		2A940BAB256ED0F6000B4AC5 /* Extensions */ = {
			isa = PBXGroup;
			children = (
				2A940B9F256D4F28000B4AC5 /* Color+Ext.swift */,
				2A940BC4257008A5000B4AC5 /* String+Ext.swift */,
			);
			path = Extensions;
			sourceTree = "<group>";
		};
		2A940BAC256ED11E000B4AC5 /* Alerts */ = {
			isa = PBXGroup;
			children = (
				2A7623DE256C4070008D26E6 /* APError.swift */,
				2AB8D065256C9722006C689B /* Alert.swift */,
			);
			path = Alerts;
			sourceTree = "<group>";
		};
		2A940BAE256ED175000B4AC5 /* Model */ = {
			isa = PBXGroup;
			children = (
				2A7623D5256C2C7B008D26E6 /* Appetizer.swift */,
				2A940BC7257046A7000B4AC5 /* User.swift */,
				2A940BCF25728921000B4AC5 /* Order.swift */,
			);
			path = Model;
			sourceTree = "<group>";
		};
		2A940BAF256ED1B3000B4AC5 /* Views */ = {
			isa = PBXGroup;
			children = (
				2A940BCA2571802C000B4AC5 /* Empty States */,
				2A940BB8256FF21E000B4AC5 /* Buttons */,
				2A940B9C256D4D8B000B4AC5 /* LoadingView.swift */,
				2A940BB2256ED1EB000B4AC5 /* Image */,
				2A940BB1256ED1DD000B4AC5 /* Cells */,
				2A940BB0256ED1C7000B4AC5 /* UIKit Components */,
			);
			path = Views;
			sourceTree = "<group>";
		};
		2A940BB0256ED1C7000B4AC5 /* UIKit Components */ = {
			isa = PBXGroup;
			children = (
			);
			path = "UIKit Components";
			sourceTree = "<group>";
		};
		2A940BB1256ED1DD000B4AC5 /* Cells */ = {
			isa = PBXGroup;
			children = (
				2A7623D8256C38AC008D26E6 /* AppetizerListCell.swift */,
			);
			path = Cells;
			sourceTree = "<group>";
		};
		2A940BB2256ED1EB000B4AC5 /* Image */ = {
			isa = PBXGroup;
			children = (
				2A940BA2256D5909000B4AC5 /* RemoteImage.swift */,
			);
			path = Image;
			sourceTree = "<group>";
		};
		2A940BB8256FF21E000B4AC5 /* Buttons */ = {
			isa = PBXGroup;
			children = (
				2A940BB9256FF23E000B4AC5 /* APButton.swift */,
				2A940BBD256FF3B1000B4AC5 /* XDismissButton.swift */,
			);
			path = Buttons;
			sourceTree = "<group>";
		};
		2A940BCA2571802C000B4AC5 /* Empty States */ = {
			isa = PBXGroup;
			children = (
				2A940BCB25718051000B4AC5 /* EmptyState.swift */,
			);
			path = "Empty States";
			sourceTree = "<group>";
		};
/* End PBXGroup section */

/* Begin PBXNativeTarget section */
		2A9284D5256C231E004FAC23 /* Appetizers */ = {
			isa = PBXNativeTarget;
			buildConfigurationList = 2A9284E5256C231F004FAC23 /* Build configuration list for PBXNativeTarget "Appetizers" */;
			buildPhases = (
				2A9284D2256C231E004FAC23 /* Sources */,
				2A9284D3256C231E004FAC23 /* Frameworks */,
				2A9284D4256C231E004FAC23 /* Resources */,
			);
			buildRules = (
			);
			dependencies = (
			);
			name = Appetizers;
			productName = Appetizers;
			productReference = 2A9284D6256C231E004FAC23 /* Appetizers.app */;
			productType = "com.apple.product-type.application";
		};
/* End PBXNativeTarget section */

/* Begin PBXProject section */
		2A9284CE256C231E004FAC23 /* Project object */ = {
			isa = PBXProject;
			attributes = {
				LastSwiftUpdateCheck = 1220;
				LastUpgradeCheck = 1220;
				TargetAttributes = {
					2A9284D5256C231E004FAC23 = {
						CreatedOnToolsVersion = 12.2;
					};
				};
			};
			buildConfigurationList = 2A9284D1256C231E004FAC23 /* Build configuration list for PBXProject "Appetizers" */;
			compatibilityVersion = "Xcode 9.3";
			developmentRegion = en;
			hasScannedForEncodings = 0;
			knownRegions = (
				en,
				Base,
			);
			mainGroup = 2A9284CD256C231E004FAC23;
			productRefGroup = 2A9284D7256C231E004FAC23 /* Products */;
			projectDirPath = "";
			projectRoot = "";
			targets = (
				2A9284D5256C231E004FAC23 /* Appetizers */,
			);
		};
/* End PBXProject section */

/* Begin PBXResourcesBuildPhase section */
		2A9284D4256C231E004FAC23 /* Resources */ = {
			isa = PBXResourcesBuildPhase;
			buildActionMask = 2147483647;
			files = (
				2A9284E1256C231F004FAC23 /* Preview Assets.xcassets in Resources */,
				2A9284DE256C231F004FAC23 /* Assets.xcassets in Resources */,
			);
			runOnlyForDeploymentPostprocessing = 0;
		};
/* End PBXResourcesBuildPhase section */

/* Begin PBXSourcesBuildPhase section */
		2A9284D2256C231E004FAC23 /* Sources */ = {
			isa = PBXSourcesBuildPhase;
			buildActionMask = 2147483647;
			files = (
				2A7623D6256C2C7B008D26E6 /* Appetizer.swift in Sources */,
				2A7623DF256C4070008D26E6 /* APError.swift in Sources */,
				2A940BBE256FF3B1000B4AC5 /* XDismissButton.swift in Sources */,
				2A7623D9256C38AC008D26E6 /* AppetizerListCell.swift in Sources */,
				2A940BD025728921000B4AC5 /* Order.swift in Sources */,
				2A940BC12570058B000B4AC5 /* AccountViewModel.swift in Sources */,
				2A7623E2256C4E14008D26E6 /* AppetizerListViewModel.swift in Sources */,
				2A940BA0256D4F28000B4AC5 /* Color+Ext.swift in Sources */,
				2A9284EE256C2408004FAC23 /* AccountView.swift in Sources */,
				2A940BC8257046A7000B4AC5 /* User.swift in Sources */,
				2A940BBA256FF23E000B4AC5 /* APButton.swift in Sources */,
				2A940B9D256D4D8B000B4AC5 /* LoadingView.swift in Sources */,
				2A9284DC256C231E004FAC23 /* AppetizerTabView.swift in Sources */,
				2A7623DC256C3A93008D26E6 /* NetworkManager.swift in Sources */,
				2A940BA3256D5909000B4AC5 /* RemoteImage.swift in Sources */,
				2A940BC5257008A5000B4AC5 /* String+Ext.swift in Sources */,
				2A940BCC25718051000B4AC5 /* EmptyState.swift in Sources */,
				2A940BB4256ED2CB000B4AC5 /* AppetizerDetailView.swift in Sources */,
				2A9284DA256C231E004FAC23 /* AppetizersApp.swift in Sources */,
				2AB8D066256C9722006C689B /* Alert.swift in Sources */,
				2A9284EB256C23EF004FAC23 /* AppetizerListView.swift in Sources */,
				2A9284F1256C2492004FAC23 /* OrderView.swift in Sources */,
			);
			runOnlyForDeploymentPostprocessing = 0;
		};
/* End PBXSourcesBuildPhase section */

/* Begin XCBuildConfiguration section */
		2A9284E3256C231F004FAC23 /* Debug */ = {
			isa = XCBuildConfiguration;
			buildSettings = {
				ALWAYS_SEARCH_USER_PATHS = NO;
				CLANG_ANALYZER_NONNULL = YES;
				CLANG_ANALYZER_NUMBER_OBJECT_CONVERSION = YES_AGGRESSIVE;
				CLANG_CXX_LANGUAGE_STANDARD = "gnu++14";
				CLANG_CXX_LIBRARY = "libc++";
				CLANG_ENABLE_MODULES = YES;
				CLANG_ENABLE_OBJC_ARC = YES;
				CLANG_ENABLE_OBJC_WEAK = YES;
				CLANG_WARN_BLOCK_CAPTURE_AUTORELEASING = YES;
				CLANG_WARN_BOOL_CONVERSION = YES;
				CLANG_WARN_COMMA = YES;
				CLANG_WARN_CONSTANT_CONVERSION = YES;
				CLANG_WARN_DEPRECATED_OBJC_IMPLEMENTATIONS = YES;
				CLANG_WARN_DIRECT_OBJC_ISA_USAGE = YES_ERROR;
				CLANG_WARN_DOCUMENTATION_COMMENTS = YES;
				CLANG_WARN_EMPTY_BODY = YES;
				CLANG_WARN_ENUM_CONVERSION = YES;
				CLANG_WARN_INFINITE_RECURSION = YES;
				CLANG_WARN_INT_CONVERSION = YES;
				CLANG_WARN_NON_LITERAL_NULL_CONVERSION = YES;
				CLANG_WARN_OBJC_IMPLICIT_RETAIN_SELF = YES;
				CLANG_WARN_OBJC_LITERAL_CONVERSION = YES;
				CLANG_WARN_OBJC_ROOT_CLASS = YES_ERROR;
				CLANG_WARN_QUOTED_INCLUDE_IN_FRAMEWORK_HEADER = YES;
				CLANG_WARN_RANGE_LOOP_ANALYSIS = YES;
				CLANG_WARN_STRICT_PROTOTYPES = YES;
				CLANG_WARN_SUSPICIOUS_MOVE = YES;
				CLANG_WARN_UNGUARDED_AVAILABILITY = YES_AGGRESSIVE;
				CLANG_WARN_UNREACHABLE_CODE = YES;
				CLANG_WARN__DUPLICATE_METHOD_MATCH = YES;
				COPY_PHASE_STRIP = NO;
				DEBUG_INFORMATION_FORMAT = dwarf;
				ENABLE_STRICT_OBJC_MSGSEND = YES;
				ENABLE_TESTABILITY = YES;
				GCC_C_LANGUAGE_STANDARD = gnu11;
				GCC_DYNAMIC_NO_PIC = NO;
				GCC_NO_COMMON_BLOCKS = YES;
				GCC_OPTIMIZATION_LEVEL = 0;
				GCC_PREPROCESSOR_DEFINITIONS = (
					"DEBUG=1",
					"$(inherited)",
				);
				GCC_WARN_64_TO_32_BIT_CONVERSION = YES;
				GCC_WARN_ABOUT_RETURN_TYPE = YES_ERROR;
				GCC_WARN_UNDECLARED_SELECTOR = YES;
				GCC_WARN_UNINITIALIZED_AUTOS = YES_AGGRESSIVE;
				GCC_WARN_UNUSED_FUNCTION = YES;
				GCC_WARN_UNUSED_VARIABLE = YES;
				IPHONEOS_DEPLOYMENT_TARGET = 14.2;
				MTL_ENABLE_DEBUG_INFO = INCLUDE_SOURCE;
				MTL_FAST_MATH = YES;
				ONLY_ACTIVE_ARCH = YES;
				SDKROOT = iphoneos;
				SWIFT_ACTIVE_COMPILATION_CONDITIONS = DEBUG;
				SWIFT_OPTIMIZATION_LEVEL = "-Onone";
			};
			name = Debug;
		};
		2A9284E4256C231F004FAC23 /* Release */ = {
			isa = XCBuildConfiguration;
			buildSettings = {
				ALWAYS_SEARCH_USER_PATHS = NO;
				CLANG_ANALYZER_NONNULL = YES;
				CLANG_ANALYZER_NUMBER_OBJECT_CONVERSION = YES_AGGRESSIVE;
				CLANG_CXX_LANGUAGE_STANDARD = "gnu++14";
				CLANG_CXX_LIBRARY = "libc++";
				CLANG_ENABLE_MODULES = YES;
				CLANG_ENABLE_OBJC_ARC = YES;
				CLANG_ENABLE_OBJC_WEAK = YES;
				CLANG_WARN_BLOCK_CAPTURE_AUTORELEASING = YES;
				CLANG_WARN_BOOL_CONVERSION = YES;
				CLANG_WARN_COMMA = YES;
				CLANG_WARN_CONSTANT_CONVERSION = YES;
				CLANG_WARN_DEPRECATED_OBJC_IMPLEMENTATIONS = YES;
				CLANG_WARN_DIRECT_OBJC_ISA_USAGE = YES_ERROR;
				CLANG_WARN_DOCUMENTATION_COMMENTS = YES;
				CLANG_WARN_EMPTY_BODY = YES;
				CLANG_WARN_ENUM_CONVERSION = YES;
				CLANG_WARN_INFINITE_RECURSION = YES;
				CLANG_WARN_INT_CONVERSION = YES;
				CLANG_WARN_NON_LITERAL_NULL_CONVERSION = YES;
				CLANG_WARN_OBJC_IMPLICIT_RETAIN_SELF = YES;
				CLANG_WARN_OBJC_LITERAL_CONVERSION = YES;
				CLANG_WARN_OBJC_ROOT_CLASS = YES_ERROR;
				CLANG_WARN_QUOTED_INCLUDE_IN_FRAMEWORK_HEADER = YES;
				CLANG_WARN_RANGE_LOOP_ANALYSIS = YES;
				CLANG_WARN_STRICT_PROTOTYPES = YES;
				CLANG_WARN_SUSPICIOUS_MOVE = YES;
				CLANG_WARN_UNGUARDED_AVAILABILITY = YES_AGGRESSIVE;
				CLANG_WARN_UNREACHABLE_CODE = YES;
				CLANG_WARN__DUPLICATE_METHOD_MATCH = YES;
				COPY_PHASE_STRIP = NO;
				DEBUG_INFORMATION_FORMAT = "dwarf-with-dsym";
				ENABLE_NS_ASSERTIONS = NO;
				ENABLE_STRICT_OBJC_MSGSEND = YES;
				GCC_C_LANGUAGE_STANDARD = gnu11;
				GCC_NO_COMMON_BLOCKS = YES;
				GCC_WARN_64_TO_32_BIT_CONVERSION = YES;
				GCC_WARN_ABOUT_RETURN_TYPE = YES_ERROR;
				GCC_WARN_UNDECLARED_SELECTOR = YES;
				GCC_WARN_UNINITIALIZED_AUTOS = YES_AGGRESSIVE;
				GCC_WARN_UNUSED_FUNCTION = YES;
				GCC_WARN_UNUSED_VARIABLE = YES;
				IPHONEOS_DEPLOYMENT_TARGET = 14.2;
				MTL_ENABLE_DEBUG_INFO = NO;
				MTL_FAST_MATH = YES;
				SDKROOT = iphoneos;
				SWIFT_COMPILATION_MODE = wholemodule;
				SWIFT_OPTIMIZATION_LEVEL = "-O";
				VALIDATE_PRODUCT = YES;
			};
			name = Release;
		};
		2A9284E6256C231F004FAC23 /* Debug */ = {
			isa = XCBuildConfiguration;
			buildSettings = {
				ASSETCATALOG_COMPILER_APPICON_NAME = AppIcon;
				ASSETCATALOG_COMPILER_GLOBAL_ACCENT_COLOR_NAME = AccentColor;
				CODE_SIGN_STYLE = Automatic;
				DEVELOPMENT_ASSET_PATHS = "\"Appetizers/Preview Content\"";
				DEVELOPMENT_TEAM = 74A4PQ6426;
				ENABLE_PREVIEWS = YES;
				INFOPLIST_FILE = Appetizers/Info.plist;
				IPHONEOS_DEPLOYMENT_TARGET = 14.0;
				LD_RUNPATH_SEARCH_PATHS = (
					"$(inherited)",
					"@executable_path/Frameworks",
				);
				PRODUCT_BUNDLE_IDENTIFIER = com.Potashnik.Appetizers;
				PRODUCT_NAME = "$(TARGET_NAME)";
				SWIFT_VERSION = 5.0;
				TARGETED_DEVICE_FAMILY = "1,2";
			};
			name = Debug;
		};
		2A9284E7256C231F004FAC23 /* Release */ = {
			isa = XCBuildConfiguration;
			buildSettings = {
				ASSETCATALOG_COMPILER_APPICON_NAME = AppIcon;
				ASSETCATALOG_COMPILER_GLOBAL_ACCENT_COLOR_NAME = AccentColor;
				CODE_SIGN_STYLE = Automatic;
				DEVELOPMENT_ASSET_PATHS = "\"Appetizers/Preview Content\"";
				DEVELOPMENT_TEAM = 74A4PQ6426;
				ENABLE_PREVIEWS = YES;
				INFOPLIST_FILE = Appetizers/Info.plist;
				IPHONEOS_DEPLOYMENT_TARGET = 14.0;
				LD_RUNPATH_SEARCH_PATHS = (
					"$(inherited)",
					"@executable_path/Frameworks",
				);
				PRODUCT_BUNDLE_IDENTIFIER = com.Potashnik.Appetizers;
				PRODUCT_NAME = "$(TARGET_NAME)";
				SWIFT_VERSION = 5.0;
				TARGETED_DEVICE_FAMILY = "1,2";
			};
			name = Release;
		};
/* End XCBuildConfiguration section */

/* Begin XCConfigurationList section */
		2A9284D1256C231E004FAC23 /* Build configuration list for PBXProject "Appetizers" */ = {
			isa = XCConfigurationList;
			buildConfigurations = (
				2A9284E3256C231F004FAC23 /* Debug */,
				2A9284E4256C231F004FAC23 /* Release */,
			);
			defaultConfigurationIsVisible = 0;
			defaultConfigurationName = Release;
		};
		2A9284E5256C231F004FAC23 /* Build configuration list for PBXNativeTarget "Appetizers" */ = {
			isa = XCConfigurationList;
			buildConfigurations = (
				2A9284E6256C231F004FAC23 /* Debug */,
				2A9284E7256C231F004FAC23 /* Release */,
			);
			defaultConfigurationIsVisible = 0;
			defaultConfigurationName = Release;
		};
/* End XCConfigurationList section */
	};
	rootObject = 2A9284CE256C231E004FAC23 /* Project object */;
}
